// !$*UTF8*$!
{
	archiveVersion = 1;
	classes = {
	};
	objectVersion = 50;
	objects = {

/* Begin PBXBuildFile section */
		3763D1122519D4AF00FE3064 /* BluetoothTestApp.swift in Sources */ = {isa = PBXBuildFile; fileRef = 3763D1112519D4AF00FE3064 /* BluetoothTestApp.swift */; };
		3763D1142519D4AF00FE3064 /* ContentView.swift in Sources */ = {isa = PBXBuildFile; fileRef = 3763D1132519D4AF00FE3064 /* ContentView.swift */; };
		3763D1162519D4B000FE3064 /* Assets.xcassets in Resources */ = {isa = PBXBuildFile; fileRef = 3763D1152519D4B000FE3064 /* Assets.xcassets */; };
		3763D1192519D4B000FE3064 /* Preview Assets.xcassets in Resources */ = {isa = PBXBuildFile; fileRef = 3763D1182519D4B000FE3064 /* Preview Assets.xcassets */; };
		3763D11B2519D4B000FE3064 /* Persistence.swift in Sources */ = {isa = PBXBuildFile; fileRef = 3763D11A2519D4B000FE3064 /* Persistence.swift */; };
		3763D11E2519D4B000FE3064 /* BluetoothTest.xcdatamodeld in Sources */ = {isa = PBXBuildFile; fileRef = 3763D11C2519D4B000FE3064 /* BluetoothTest.xcdatamodeld */; };
		3763D1292519D4B000FE3064 /* BluetoothTestTests.swift in Sources */ = {isa = PBXBuildFile; fileRef = 3763D1282519D4B000FE3064 /* BluetoothTestTests.swift */; };
		3763D1342519D4B000FE3064 /* BluetoothTestUITests.swift in Sources */ = {isa = PBXBuildFile; fileRef = 3763D1332519D4B000FE3064 /* BluetoothTestUITests.swift */; };
		3763D1452519D82200FE3064 /* BluetoothScanner.swift in Sources */ = {isa = PBXBuildFile; fileRef = 3763D1442519D82100FE3064 /* BluetoothScanner.swift */; };
		3763D14A2519F0A800FE3064 /* Store.swift in Sources */ = {isa = PBXBuildFile; fileRef = 3763D1492519F0A800FE3064 /* Store.swift */; };
/* End PBXBuildFile section */

/* Begin PBXContainerItemProxy section */
		3763D1252519D4B000FE3064 /* PBXContainerItemProxy */ = {
			isa = PBXContainerItemProxy;
			containerPortal = 3763D1062519D4AF00FE3064 /* Project object */;
			proxyType = 1;
			remoteGlobalIDString = 3763D10D2519D4AF00FE3064;
			remoteInfo = BluetoothTest;
		};
		3763D1302519D4B000FE3064 /* PBXContainerItemProxy */ = {
			isa = PBXContainerItemProxy;
			containerPortal = 3763D1062519D4AF00FE3064 /* Project object */;
			proxyType = 1;
			remoteGlobalIDString = 3763D10D2519D4AF00FE3064;
			remoteInfo = BluetoothTest;
		};
/* End PBXContainerItemProxy section */

/* Begin PBXFileReference section */
		3763D10E2519D4AF00FE3064 /* BluetoothTest.app */ = {isa = PBXFileReference; explicitFileType = wrapper.application; includeInIndex = 0; path = BluetoothTest.app; sourceTree = BUILT_PRODUCTS_DIR; };
		3763D1112519D4AF00FE3064 /* BluetoothTestApp.swift */ = {isa = PBXFileReference; lastKnownFileType = sourcecode.swift; path = BluetoothTestApp.swift; sourceTree = "<group>"; };
		3763D1132519D4AF00FE3064 /* ContentView.swift */ = {isa = PBXFileReference; lastKnownFileType = sourcecode.swift; path = ContentView.swift; sourceTree = "<group>"; };
		3763D1152519D4B000FE3064 /* Assets.xcassets */ = {isa = PBXFileReference; lastKnownFileType = folder.assetcatalog; path = Assets.xcassets; sourceTree = "<group>"; };
		3763D1182519D4B000FE3064 /* Preview Assets.xcassets */ = {isa = PBXFileReference; lastKnownFileType = folder.assetcatalog; path = "Preview Assets.xcassets"; sourceTree = "<group>"; };
		3763D11A2519D4B000FE3064 /* Persistence.swift */ = {isa = PBXFileReference; lastKnownFileType = sourcecode.swift; path = Persistence.swift; sourceTree = "<group>"; };
		3763D11D2519D4B000FE3064 /* BluetoothTest.xcdatamodel */ = {isa = PBXFileReference; lastKnownFileType = wrapper.xcdatamodel; path = BluetoothTest.xcdatamodel; sourceTree = "<group>"; };
		3763D11F2519D4B000FE3064 /* Info.plist */ = {isa = PBXFileReference; lastKnownFileType = text.plist.xml; path = Info.plist; sourceTree = "<group>"; };
		3763D1242519D4B000FE3064 /* BluetoothTestTests.xctest */ = {isa = PBXFileReference; explicitFileType = wrapper.cfbundle; includeInIndex = 0; path = BluetoothTestTests.xctest; sourceTree = BUILT_PRODUCTS_DIR; };
		3763D1282519D4B000FE3064 /* BluetoothTestTests.swift */ = {isa = PBXFileReference; lastKnownFileType = sourcecode.swift; path = BluetoothTestTests.swift; sourceTree = "<group>"; };
		3763D12A2519D4B000FE3064 /* Info.plist */ = {isa = PBXFileReference; lastKnownFileType = text.plist.xml; path = Info.plist; sourceTree = "<group>"; };
		3763D12F2519D4B000FE3064 /* BluetoothTestUITests.xctest */ = {isa = PBXFileReference; explicitFileType = wrapper.cfbundle; includeInIndex = 0; path = BluetoothTestUITests.xctest; sourceTree = BUILT_PRODUCTS_DIR; };
		3763D1332519D4B000FE3064 /* BluetoothTestUITests.swift */ = {isa = PBXFileReference; lastKnownFileType = sourcecode.swift; path = BluetoothTestUITests.swift; sourceTree = "<group>"; };
		3763D1352519D4B000FE3064 /* Info.plist */ = {isa = PBXFileReference; lastKnownFileType = text.plist.xml; path = Info.plist; sourceTree = "<group>"; };
		3763D1442519D82100FE3064 /* BluetoothScanner.swift */ = {isa = PBXFileReference; lastKnownFileType = sourcecode.swift; path = BluetoothScanner.swift; sourceTree = "<group>"; };
		3763D1492519F0A800FE3064 /* Store.swift */ = {isa = PBXFileReference; lastKnownFileType = sourcecode.swift; path = Store.swift; sourceTree = "<group>"; };
/* End PBXFileReference section */

/* Begin PBXFrameworksBuildPhase section */
		3763D10B2519D4AF00FE3064 /* Frameworks */ = {
			isa = PBXFrameworksBuildPhase;
			buildActionMask = 2147483647;
			files = (
			);
			runOnlyForDeploymentPostprocessing = 0;
		};
		3763D1212519D4B000FE3064 /* Frameworks */ = {
			isa = PBXFrameworksBuildPhase;
			buildActionMask = 2147483647;
			files = (
			);
			runOnlyForDeploymentPostprocessing = 0;
		};
		3763D12C2519D4B000FE3064 /* Frameworks */ = {
			isa = PBXFrameworksBuildPhase;
			buildActionMask = 2147483647;
			files = (
			);
			runOnlyForDeploymentPostprocessing = 0;
		};
/* End PBXFrameworksBuildPhase section */

/* Begin PBXGroup section */
		3763D1052519D4AF00FE3064 = {
			isa = PBXGroup;
			children = (
				3763D1102519D4AF00FE3064 /* BluetoothTest */,
				3763D1272519D4B000FE3064 /* BluetoothTestTests */,
				3763D1322519D4B000FE3064 /* BluetoothTestUITests */,
				3763D10F2519D4AF00FE3064 /* Products */,
			);
			sourceTree = "<group>";
		};
		3763D10F2519D4AF00FE3064 /* Products */ = {
			isa = PBXGroup;
			children = (
				3763D10E2519D4AF00FE3064 /* BluetoothTest.app */,
				3763D1242519D4B000FE3064 /* BluetoothTestTests.xctest */,
				3763D12F2519D4B000FE3064 /* BluetoothTestUITests.xctest */,
			);
			name = Products;
			sourceTree = "<group>";
		};
		3763D1102519D4AF00FE3064 /* BluetoothTest */ = {
			isa = PBXGroup;
			children = (
				3763D1112519D4AF00FE3064 /* BluetoothTestApp.swift */,
				3763D1132519D4AF00FE3064 /* ContentView.swift */,
				3763D1492519F0A800FE3064 /* Store.swift */,
				3763D1442519D82100FE3064 /* BluetoothScanner.swift */,
				3763D1152519D4B000FE3064 /* Assets.xcassets */,
				3763D11A2519D4B000FE3064 /* Persistence.swift */,
				3763D11F2519D4B000FE3064 /* Info.plist */,
				3763D11C2519D4B000FE3064 /* BluetoothTest.xcdatamodeld */,
				3763D1172519D4B000FE3064 /* Preview Content */,
			);
			path = BluetoothTest;
			sourceTree = "<group>";
		};
		3763D1172519D4B000FE3064 /* Preview Content */ = {
			isa = PBXGroup;
			children = (
				3763D1182519D4B000FE3064 /* Preview Assets.xcassets */,
			);
			path = "Preview Content";
			sourceTree = "<group>";
		};
		3763D1272519D4B000FE3064 /* BluetoothTestTests */ = {
			isa = PBXGroup;
			children = (
				3763D1282519D4B000FE3064 /* BluetoothTestTests.swift */,
				3763D12A2519D4B000FE3064 /* Info.plist */,
			);
			path = BluetoothTestTests;
			sourceTree = "<group>";
		};
		3763D1322519D4B000FE3064 /* BluetoothTestUITests */ = {
			isa = PBXGroup;
			children = (
				3763D1332519D4B000FE3064 /* BluetoothTestUITests.swift */,
				3763D1352519D4B000FE3064 /* Info.plist */,
			);
			path = BluetoothTestUITests;
			sourceTree = "<group>";
		};
/* End PBXGroup section */

/* Begin PBXNativeTarget section */
		3763D10D2519D4AF00FE3064 /* BluetoothTest */ = {
			isa = PBXNativeTarget;
			buildConfigurationList = 3763D1382519D4B000FE3064 /* Build configuration list for PBXNativeTarget "BluetoothTest" */;
			buildPhases = (
				3763D10A2519D4AF00FE3064 /* Sources */,
				3763D10B2519D4AF00FE3064 /* Frameworks */,
				3763D10C2519D4AF00FE3064 /* Resources */,
			);
			buildRules = (
			);
			dependencies = (
			);
			name = BluetoothTest;
			productName = BluetoothTest;
			productReference = 3763D10E2519D4AF00FE3064 /* BluetoothTest.app */;
			productType = "com.apple.product-type.application";
		};
		3763D1232519D4B000FE3064 /* BluetoothTestTests */ = {
			isa = PBXNativeTarget;
			buildConfigurationList = 3763D13B2519D4B000FE3064 /* Build configuration list for PBXNativeTarget "BluetoothTestTests" */;
			buildPhases = (
				3763D1202519D4B000FE3064 /* Sources */,
				3763D1212519D4B000FE3064 /* Frameworks */,
				3763D1222519D4B000FE3064 /* Resources */,
			);
			buildRules = (
			);
			dependencies = (
				3763D1262519D4B000FE3064 /* PBXTargetDependency */,
			);
			name = BluetoothTestTests;
			productName = BluetoothTestTests;
			productReference = 3763D1242519D4B000FE3064 /* BluetoothTestTests.xctest */;
			productType = "com.apple.product-type.bundle.unit-test";
		};
		3763D12E2519D4B000FE3064 /* BluetoothTestUITests */ = {
			isa = PBXNativeTarget;
			buildConfigurationList = 3763D13E2519D4B000FE3064 /* Build configuration list for PBXNativeTarget "BluetoothTestUITests" */;
			buildPhases = (
				3763D12B2519D4B000FE3064 /* Sources */,
				3763D12C2519D4B000FE3064 /* Frameworks */,
				3763D12D2519D4B000FE3064 /* Resources */,
			);
			buildRules = (
			);
			dependencies = (
				3763D1312519D4B000FE3064 /* PBXTargetDependency */,
			);
			name = BluetoothTestUITests;
			productName = BluetoothTestUITests;
			productReference = 3763D12F2519D4B000FE3064 /* BluetoothTestUITests.xctest */;
			productType = "com.apple.product-type.bundle.ui-testing";
		};
/* End PBXNativeTarget section */

/* Begin PBXProject section */
		3763D1062519D4AF00FE3064 /* Project object */ = {
			isa = PBXProject;
			attributes = {
				LastSwiftUpdateCheck = 1200;
				LastUpgradeCheck = 1200;
				TargetAttributes = {
					3763D10D2519D4AF00FE3064 = {
						CreatedOnToolsVersion = 12.0;
					};
					3763D1232519D4B000FE3064 = {
						CreatedOnToolsVersion = 12.0;
						TestTargetID = 3763D10D2519D4AF00FE3064;
					};
					3763D12E2519D4B000FE3064 = {
						CreatedOnToolsVersion = 12.0;
						TestTargetID = 3763D10D2519D4AF00FE3064;
					};
				};
			};
			buildConfigurationList = 3763D1092519D4AF00FE3064 /* Build configuration list for PBXProject "BluetoothTest" */;
			compatibilityVersion = "Xcode 9.3";
			developmentRegion = en;
			hasScannedForEncodings = 0;
			knownRegions = (
				en,
				Base,
			);
			mainGroup = 3763D1052519D4AF00FE3064;
			productRefGroup = 3763D10F2519D4AF00FE3064 /* Products */;
			projectDirPath = "";
			projectRoot = "";
			targets = (
				3763D10D2519D4AF00FE3064 /* BluetoothTest */,
				3763D1232519D4B000FE3064 /* BluetoothTestTests */,
				3763D12E2519D4B000FE3064 /* BluetoothTestUITests */,
			);
		};
/* End PBXProject section */

/* Begin PBXResourcesBuildPhase section */
		3763D10C2519D4AF00FE3064 /* Resources */ = {
			isa = PBXResourcesBuildPhase;
			buildActionMask = 2147483647;
			files = (
				3763D1192519D4B000FE3064 /* Preview Assets.xcassets in Resources */,
				3763D1162519D4B000FE3064 /* Assets.xcassets in Resources */,
			);
			runOnlyForDeploymentPostprocessing = 0;
		};
		3763D1222519D4B000FE3064 /* Resources */ = {
			isa = PBXResourcesBuildPhase;
			buildActionMask = 2147483647;
			files = (
			);
			runOnlyForDeploymentPostprocessing = 0;
		};
		3763D12D2519D4B000FE3064 /* Resources */ = {
			isa = PBXResourcesBuildPhase;
			buildActionMask = 2147483647;
			files = (
			);
			runOnlyForDeploymentPostprocessing = 0;
		};
/* End PBXResourcesBuildPhase section */

/* Begin PBXSourcesBuildPhase section */
		3763D10A2519D4AF00FE3064 /* Sources */ = {
			isa = PBXSourcesBuildPhase;
			buildActionMask = 2147483647;
			files = (
				3763D11E2519D4B000FE3064 /* BluetoothTest.xcdatamodeld in Sources */,
				3763D11B2519D4B000FE3064 /* Persistence.swift in Sources */,
				3763D1142519D4AF00FE3064 /* ContentView.swift in Sources */,
				3763D14A2519F0A800FE3064 /* Store.swift in Sources */,
				3763D1452519D82200FE3064 /* BluetoothScanner.swift in Sources */,
				3763D1122519D4AF00FE3064 /* BluetoothTestApp.swift in Sources */,
			);
			runOnlyForDeploymentPostprocessing = 0;
		};
		3763D1202519D4B000FE3064 /* Sources */ = {
			isa = PBXSourcesBuildPhase;
			buildActionMask = 2147483647;
			files = (
				3763D1292519D4B000FE3064 /* BluetoothTestTests.swift in Sources */,
			);
			runOnlyForDeploymentPostprocessing = 0;
		};
		3763D12B2519D4B000FE3064 /* Sources */ = {
			isa = PBXSourcesBuildPhase;
			buildActionMask = 2147483647;
			files = (
				3763D1342519D4B000FE3064 /* BluetoothTestUITests.swift in Sources */,
			);
			runOnlyForDeploymentPostprocessing = 0;
		};
/* End PBXSourcesBuildPhase section */

/* Begin PBXTargetDependency section */
		3763D1262519D4B000FE3064 /* PBXTargetDependency */ = {
			isa = PBXTargetDependency;
			target = 3763D10D2519D4AF00FE3064 /* BluetoothTest */;
			targetProxy = 3763D1252519D4B000FE3064 /* PBXContainerItemProxy */;
		};
		3763D1312519D4B000FE3064 /* PBXTargetDependency */ = {
			isa = PBXTargetDependency;
			target = 3763D10D2519D4AF00FE3064 /* BluetoothTest */;
			targetProxy = 3763D1302519D4B000FE3064 /* PBXContainerItemProxy */;
		};
/* End PBXTargetDependency section */

/* Begin XCBuildConfiguration section */
		3763D1362519D4B000FE3064 /* Debug */ = {
			isa = XCBuildConfiguration;
			buildSettings = {
				ALWAYS_SEARCH_USER_PATHS = NO;
				CLANG_ANALYZER_NONNULL = YES;
				CLANG_ANALYZER_NUMBER_OBJECT_CONVERSION = YES_AGGRESSIVE;
				CLANG_CXX_LANGUAGE_STANDARD = "gnu++14";
				CLANG_CXX_LIBRARY = "libc++";
				CLANG_ENABLE_MODULES = YES;
				CLANG_ENABLE_OBJC_ARC = YES;
				CLANG_ENABLE_OBJC_WEAK = YES;
				CLANG_WARN_BLOCK_CAPTURE_AUTORELEASING = YES;
				CLANG_WARN_BOOL_CONVERSION = YES;
				CLANG_WARN_COMMA = YES;
				CLANG_WARN_CONSTANT_CONVERSION = YES;
				CLANG_WARN_DEPRECATED_OBJC_IMPLEMENTATIONS = YES;
				CLANG_WARN_DIRECT_OBJC_ISA_USAGE = YES_ERROR;
				CLANG_WARN_DOCUMENTATION_COMMENTS = YES;
				CLANG_WARN_EMPTY_BODY = YES;
				CLANG_WARN_ENUM_CONVERSION = YES;
				CLANG_WARN_INFINITE_RECURSION = YES;
				CLANG_WARN_INT_CONVERSION = YES;
				CLANG_WARN_NON_LITERAL_NULL_CONVERSION = YES;
				CLANG_WARN_OBJC_IMPLICIT_RETAIN_SELF = YES;
				CLANG_WARN_OBJC_LITERAL_CONVERSION = YES;
				CLANG_WARN_OBJC_ROOT_CLASS = YES_ERROR;
				CLANG_WARN_QUOTED_INCLUDE_IN_FRAMEWORK_HEADER = YES;
				CLANG_WARN_RANGE_LOOP_ANALYSIS = YES;
				CLANG_WARN_STRICT_PROTOTYPES = YES;
				CLANG_WARN_SUSPICIOUS_MOVE = YES;
				CLANG_WARN_UNGUARDED_AVAILABILITY = YES_AGGRESSIVE;
				CLANG_WARN_UNREACHABLE_CODE = YES;
				CLANG_WARN__DUPLICATE_METHOD_MATCH = YES;
				COPY_PHASE_STRIP = NO;
				DEBUG_INFORMATION_FORMAT = dwarf;
				ENABLE_STRICT_OBJC_MSGSEND = YES;
				ENABLE_TESTABILITY = YES;
				GCC_C_LANGUAGE_STANDARD = gnu11;
				GCC_DYNAMIC_NO_PIC = NO;
				GCC_NO_COMMON_BLOCKS = YES;
				GCC_OPTIMIZATION_LEVEL = 0;
				GCC_PREPROCESSOR_DEFINITIONS = (
					"DEBUG=1",
					"$(inherited)",
				);
				GCC_WARN_64_TO_32_BIT_CONVERSION = YES;
				GCC_WARN_ABOUT_RETURN_TYPE = YES_ERROR;
				GCC_WARN_UNDECLARED_SELECTOR = YES;
				GCC_WARN_UNINITIALIZED_AUTOS = YES_AGGRESSIVE;
				GCC_WARN_UNUSED_FUNCTION = YES;
				GCC_WARN_UNUSED_VARIABLE = YES;
				IPHONEOS_DEPLOYMENT_TARGET = 14.0;
				MTL_ENABLE_DEBUG_INFO = INCLUDE_SOURCE;
				MTL_FAST_MATH = YES;
				ONLY_ACTIVE_ARCH = YES;
				SDKROOT = iphoneos;
				SWIFT_ACTIVE_COMPILATION_CONDITIONS = DEBUG;
				SWIFT_OPTIMIZATION_LEVEL = "-Onone";
			};
			name = Debug;
		};
		3763D1372519D4B000FE3064 /* Release */ = {
			isa = XCBuildConfiguration;
			buildSettings = {
				ALWAYS_SEARCH_USER_PATHS = NO;
				CLANG_ANALYZER_NONNULL = YES;
				CLANG_ANALYZER_NUMBER_OBJECT_CONVERSION = YES_AGGRESSIVE;
				CLANG_CXX_LANGUAGE_STANDARD = "gnu++14";
				CLANG_CXX_LIBRARY = "libc++";
				CLANG_ENABLE_MODULES = YES;
				CLANG_ENABLE_OBJC_ARC = YES;
				CLANG_ENABLE_OBJC_WEAK = YES;
				CLANG_WARN_BLOCK_CAPTURE_AUTORELEASING = YES;
				CLANG_WARN_BOOL_CONVERSION = YES;
				CLANG_WARN_COMMA = YES;
				CLANG_WARN_CONSTANT_CONVERSION = YES;
				CLANG_WARN_DEPRECATED_OBJC_IMPLEMENTATIONS = YES;
				CLANG_WARN_DIRECT_OBJC_ISA_USAGE = YES_ERROR;
				CLANG_WARN_DOCUMENTATION_COMMENTS = YES;
				CLANG_WARN_EMPTY_BODY = YES;
				CLANG_WARN_ENUM_CONVERSION = YES;
				CLANG_WARN_INFINITE_RECURSION = YES;
				CLANG_WARN_INT_CONVERSION = YES;
				CLANG_WARN_NON_LITERAL_NULL_CONVERSION = YES;
				CLANG_WARN_OBJC_IMPLICIT_RETAIN_SELF = YES;
				CLANG_WARN_OBJC_LITERAL_CONVERSION = YES;
				CLANG_WARN_OBJC_ROOT_CLASS = YES_ERROR;
				CLANG_WARN_QUOTED_INCLUDE_IN_FRAMEWORK_HEADER = YES;
				CLANG_WARN_RANGE_LOOP_ANALYSIS = YES;
				CLANG_WARN_STRICT_PROTOTYPES = YES;
				CLANG_WARN_SUSPICIOUS_MOVE = YES;
				CLANG_WARN_UNGUARDED_AVAILABILITY = YES_AGGRESSIVE;
				CLANG_WARN_UNREACHABLE_CODE = YES;
				CLANG_WARN__DUPLICATE_METHOD_MATCH = YES;
				COPY_PHASE_STRIP = NO;
				DEBUG_INFORMATION_FORMAT = "dwarf-with-dsym";
				ENABLE_NS_ASSERTIONS = NO;
				ENABLE_STRICT_OBJC_MSGSEND = YES;
				GCC_C_LANGUAGE_STANDARD = gnu11;
				GCC_NO_COMMON_BLOCKS = YES;
				GCC_WARN_64_TO_32_BIT_CONVERSION = YES;
				GCC_WARN_ABOUT_RETURN_TYPE = YES_ERROR;
				GCC_WARN_UNDECLARED_SELECTOR = YES;
				GCC_WARN_UNINITIALIZED_AUTOS = YES_AGGRESSIVE;
				GCC_WARN_UNUSED_FUNCTION = YES;
				GCC_WARN_UNUSED_VARIABLE = YES;
				IPHONEOS_DEPLOYMENT_TARGET = 14.0;
				MTL_ENABLE_DEBUG_INFO = NO;
				MTL_FAST_MATH = YES;
				SDKROOT = iphoneos;
				SWIFT_COMPILATION_MODE = wholemodule;
				SWIFT_OPTIMIZATION_LEVEL = "-O";
				VALIDATE_PRODUCT = YES;
			};
			name = Release;
		};
		3763D1392519D4B000FE3064 /* Debug */ = {
			isa = XCBuildConfiguration;
			buildSettings = {
				ASSETCATALOG_COMPILER_APPICON_NAME = AppIcon;
				ASSETCATALOG_COMPILER_GLOBAL_ACCENT_COLOR_NAME = AccentColor;
				CODE_SIGN_STYLE = Automatic;
				DEVELOPMENT_ASSET_PATHS = "\"BluetoothTest/Preview Content\"";
				DEVELOPMENT_TEAM = HH7V8CB5FF;
				ENABLE_PREVIEWS = YES;
				INFOPLIST_FILE = BluetoothTest/Info.plist;
				IPHONEOS_DEPLOYMENT_TARGET = 14.0;
				LD_RUNPATH_SEARCH_PATHS = (
					"$(inherited)",
					"@executable_path/Frameworks",
				);
				PRODUCT_BUNDLE_IDENTIFIER = de.dandjelkovic.BluetoothTest;
				PRODUCT_NAME = "$(TARGET_NAME)";
				SWIFT_VERSION = 5.0;
				TARGETED_DEVICE_FAMILY = "1,2";
			};
			name = Debug;
		};
		3763D13A2519D4B000FE3064 /* Release */ = {
			isa = XCBuildConfiguration;
			buildSettings = {
				ASSETCATALOG_COMPILER_APPICON_NAME = AppIcon;
				ASSETCATALOG_COMPILER_GLOBAL_ACCENT_COLOR_NAME = AccentColor;
				CODE_SIGN_STYLE = Automatic;
				DEVELOPMENT_ASSET_PATHS = "\"BluetoothTest/Preview Content\"";
				DEVELOPMENT_TEAM = HH7V8CB5FF;
				ENABLE_PREVIEWS = YES;
				INFOPLIST_FILE = BluetoothTest/Info.plist;
				IPHONEOS_DEPLOYMENT_TARGET = 14.0;
				LD_RUNPATH_SEARCH_PATHS = (
					"$(inherited)",
					"@executable_path/Frameworks",
				);
				PRODUCT_BUNDLE_IDENTIFIER = de.dandjelkovic.BluetoothTest;
				PRODUCT_NAME = "$(TARGET_NAME)";
				SWIFT_VERSION = 5.0;
				TARGETED_DEVICE_FAMILY = "1,2";
			};
			name = Release;
		};
		3763D13C2519D4B000FE3064 /* Debug */ = {
			isa = XCBuildConfiguration;
			buildSettings = {
				ALWAYS_EMBED_SWIFT_STANDARD_LIBRARIES = YES;
				BUNDLE_LOADER = "$(TEST_HOST)";
				CODE_SIGN_STYLE = Automatic;
				DEVELOPMENT_TEAM = HH7V8CB5FF;
				INFOPLIST_FILE = BluetoothTestTests/Info.plist;
				IPHONEOS_DEPLOYMENT_TARGET = 14.0;
				LD_RUNPATH_SEARCH_PATHS = (
					"$(inherited)",
					"@executable_path/Frameworks",
					"@loader_path/Frameworks",
				);
				PRODUCT_BUNDLE_IDENTIFIER = de.dandjelkovic.BluetoothTestTests;
				PRODUCT_NAME = "$(TARGET_NAME)";
				SWIFT_VERSION = 5.0;
				TARGETED_DEVICE_FAMILY = "1,2";
				TEST_HOST = "$(BUILT_PRODUCTS_DIR)/BluetoothTest.app/BluetoothTest";
			};
			name = Debug;
		};
		3763D13D2519D4B000FE3064 /* Release */ = {
			isa = XCBuildConfiguration;
			buildSettings = {
				ALWAYS_EMBED_SWIFT_STANDARD_LIBRARIES = YES;
				BUNDLE_LOADER = "$(TEST_HOST)";
				CODE_SIGN_STYLE = Automatic;
				DEVELOPMENT_TEAM = HH7V8CB5FF;
				INFOPLIST_FILE = BluetoothTestTests/Info.plist;
				IPHONEOS_DEPLOYMENT_TARGET = 14.0;
				LD_RUNPATH_SEARCH_PATHS = (
					"$(inherited)",
					"@executable_path/Frameworks",
					"@loader_path/Frameworks",
				);
				PRODUCT_BUNDLE_IDENTIFIER = de.dandjelkovic.BluetoothTestTests;
				PRODUCT_NAME = "$(TARGET_NAME)";
				SWIFT_VERSION = 5.0;
				TARGETED_DEVICE_FAMILY = "1,2";
				TEST_HOST = "$(BUILT_PRODUCTS_DIR)/BluetoothTest.app/BluetoothTest";
			};
			name = Release;
		};
		3763D13F2519D4B000FE3064 /* Debug */ = {
			isa = XCBuildConfiguration;
			buildSettings = {
				ALWAYS_EMBED_SWIFT_STANDARD_LIBRARIES = YES;
				CODE_SIGN_STYLE = Automatic;
				DEVELOPMENT_TEAM = HH7V8CB5FF;
				INFOPLIST_FILE = BluetoothTestUITests/Info.plist;
				LD_RUNPATH_SEARCH_PATHS = (
					"$(inherited)",
					"@executable_path/Frameworks",
					"@loader_path/Frameworks",
				);
				PRODUCT_BUNDLE_IDENTIFIER = de.dandjelkovic.BluetoothTestUITests;
				PRODUCT_NAME = "$(TARGET_NAME)";
				SWIFT_VERSION = 5.0;
				TARGETED_DEVICE_FAMILY = "1,2";
				TEST_TARGET_NAME = BluetoothTest;
			};
			name = Debug;
		};
		3763D1402519D4B000FE3064 /* Release */ = {
			isa = XCBuildConfiguration;
			buildSettings = {
				ALWAYS_EMBED_SWIFT_STANDARD_LIBRARIES = YES;
				CODE_SIGN_STYLE = Automatic;
				DEVELOPMENT_TEAM = HH7V8CB5FF;
				INFOPLIST_FILE = BluetoothTestUITests/Info.plist;
				LD_RUNPATH_SEARCH_PATHS = (
					"$(inherited)",
					"@executable_path/Frameworks",
					"@loader_path/Frameworks",
				);
				PRODUCT_BUNDLE_IDENTIFIER = de.dandjelkovic.BluetoothTestUITests;
				PRODUCT_NAME = "$(TARGET_NAME)";
				SWIFT_VERSION = 5.0;
				TARGETED_DEVICE_FAMILY = "1,2";
				TEST_TARGET_NAME = BluetoothTest;
			};
			name = Release;
		};
/* End XCBuildConfiguration section */

/* Begin XCConfigurationList section */
		3763D1092519D4AF00FE3064 /* Build configuration list for PBXProject "BluetoothTest" */ = {
			isa = XCConfigurationList;
			buildConfigurations = (
				3763D1362519D4B000FE3064 /* Debug */,
				3763D1372519D4B000FE3064 /* Release */,
			);
			defaultConfigurationIsVisible = 0;
			defaultConfigurationName = Release;
		};
		3763D1382519D4B000FE3064 /* Build configuration list for PBXNativeTarget "BluetoothTest" */ = {
			isa = XCConfigurationList;
			buildConfigurations = (
				3763D1392519D4B000FE3064 /* Debug */,
				3763D13A2519D4B000FE3064 /* Release */,
			);
			defaultConfigurationIsVisible = 0;
			defaultConfigurationName = Release;
		};
		3763D13B2519D4B000FE3064 /* Build configuration list for PBXNativeTarget "BluetoothTestTests" */ = {
			isa = XCConfigurationList;
			buildConfigurations = (
				3763D13C2519D4B000FE3064 /* Debug */,
				3763D13D2519D4B000FE3064 /* Release */,
			);
			defaultConfigurationIsVisible = 0;
			defaultConfigurationName = Release;
		};
		3763D13E2519D4B000FE3064 /* Build configuration list for PBXNativeTarget "BluetoothTestUITests" */ = {
			isa = XCConfigurationList;
			buildConfigurations = (
				3763D13F2519D4B000FE3064 /* Debug */,
				3763D1402519D4B000FE3064 /* Release */,
			);
			defaultConfigurationIsVisible = 0;
			defaultConfigurationName = Release;
		};
/* End XCConfigurationList section */

/* Begin XCVersionGroup section */
		3763D11C2519D4B000FE3064 /* BluetoothTest.xcdatamodeld */ = {
			isa = XCVersionGroup;
			children = (
				3763D11D2519D4B000FE3064 /* BluetoothTest.xcdatamodel */,
			);
			currentVersion = 3763D11D2519D4B000FE3064 /* BluetoothTest.xcdatamodel */;
			path = BluetoothTest.xcdatamodeld;
			sourceTree = "<group>";
			versionGroupType = wrapper.xcdatamodel;
		};
/* End XCVersionGroup section */
	};
	rootObject = 3763D1062519D4AF00FE3064 /* Project object */;
}
